// !$*UTF8*$!
{
	archiveVersion = 1;
	classes = {
	};
	objectVersion = 56;
	objects = {

/* Begin PBXBuildFile section */
		F906E6FF2A289442007BB67A /* AppDelegate.swift in Sources */ = {isa = PBXBuildFile; fileRef = F906E6FE2A289442007BB67A /* AppDelegate.swift */; };
		F906E7012A289442007BB67A /* ViewController.swift in Sources */ = {isa = PBXBuildFile; fileRef = F906E7002A289442007BB67A /* ViewController.swift */; };
		F906E7032A289444007BB67A /* Assets.xcassets in Resources */ = {isa = PBXBuildFile; fileRef = F906E7022A289444007BB67A /* Assets.xcassets */; };
		F906E7062A289444007BB67A /* Main.storyboard in Resources */ = {isa = PBXBuildFile; fileRef = F906E7042A289444007BB67A /* Main.storyboard */; };
		F906E7152A289C3E007BB67A /* SnapKit in Frameworks */ = {isa = PBXBuildFile; productRef = F906E7142A289C3E007BB67A /* SnapKit */; };
		F906E7182A28A202007BB67A /* Socket in Frameworks */ = {isa = PBXBuildFile; productRef = F906E7172A28A202007BB67A /* Socket */; };
		F906E71A2A28A2C4007BB67A /* MotionModel.swift in Sources */ = {isa = PBXBuildFile; fileRef = F906E7192A28A2C4007BB67A /* MotionModel.swift */; };
/* End PBXBuildFile section */

/* Begin PBXFileReference section */
		F906E6FB2A289442007BB67A /* ARMotionCameraDebug.app */ = {isa = PBXFileReference; explicitFileType = wrapper.application; includeInIndex = 0; path = ARMotionCameraDebug.app; sourceTree = BUILT_PRODUCTS_DIR; };
		F906E6FE2A289442007BB67A /* AppDelegate.swift */ = {isa = PBXFileReference; lastKnownFileType = sourcecode.swift; path = AppDelegate.swift; sourceTree = "<group>"; };
		F906E7002A289442007BB67A /* ViewController.swift */ = {isa = PBXFileReference; lastKnownFileType = sourcecode.swift; path = ViewController.swift; sourceTree = "<group>"; };
		F906E7022A289444007BB67A /* Assets.xcassets */ = {isa = PBXFileReference; lastKnownFileType = folder.assetcatalog; path = Assets.xcassets; sourceTree = "<group>"; };
		F906E7052A289444007BB67A /* Base */ = {isa = PBXFileReference; lastKnownFileType = file.storyboard; name = Base; path = Base.lproj/Main.storyboard; sourceTree = "<group>"; };
		F906E7072A289444007BB67A /* ARMotionCameraDebug.entitlements */ = {isa = PBXFileReference; lastKnownFileType = text.plist.entitlements; path = ARMotionCameraDebug.entitlements; sourceTree = "<group>"; };
		F906E7192A28A2C4007BB67A /* MotionModel.swift */ = {isa = PBXFileReference; lastKnownFileType = sourcecode.swift; path = MotionModel.swift; sourceTree = "<group>"; };
/* End PBXFileReference section */

/* Begin PBXFrameworksBuildPhase section */
		F906E6F82A289442007BB67A /* Frameworks */ = {
			isa = PBXFrameworksBuildPhase;
			buildActionMask = 2147483647;
			files = (
				F906E7152A289C3E007BB67A /* SnapKit in Frameworks */,
				F906E7182A28A202007BB67A /* Socket in Frameworks */,
			);
			runOnlyForDeploymentPostprocessing = 0;
		};
/* End PBXFrameworksBuildPhase section */

/* Begin PBXGroup section */
		F906E6F22A289442007BB67A = {
			isa = PBXGroup;
			children = (
				F906E6FD2A289442007BB67A /* ARMotionCameraDebug */,
				F906E6FC2A289442007BB67A /* Products */,
			);
			sourceTree = "<group>";
		};
		F906E6FC2A289442007BB67A /* Products */ = {
			isa = PBXGroup;
			children = (
				F906E6FB2A289442007BB67A /* ARMotionCameraDebug.app */,
			);
			name = Products;
			sourceTree = "<group>";
		};
		F906E6FD2A289442007BB67A /* ARMotionCameraDebug */ = {
			isa = PBXGroup;
			children = (
				F906E6FE2A289442007BB67A /* AppDelegate.swift */,
				F906E7002A289442007BB67A /* ViewController.swift */,
				F906E7022A289444007BB67A /* Assets.xcassets */,
				F906E7042A289444007BB67A /* Main.storyboard */,
				F906E7072A289444007BB67A /* ARMotionCameraDebug.entitlements */,
				F906E7192A28A2C4007BB67A /* MotionModel.swift */,
			);
			path = ARMotionCameraDebug;
			sourceTree = "<group>";
		};
/* End PBXGroup section */

/* Begin PBXNativeTarget section */
		F906E6FA2A289442007BB67A /* ARMotionCameraDebug */ = {
			isa = PBXNativeTarget;
			buildConfigurationList = F906E70A2A289444007BB67A /* Build configuration list for PBXNativeTarget "ARMotionCameraDebug" */;
			buildPhases = (
				F906E6F72A289442007BB67A /* Sources */,
				F906E6F82A289442007BB67A /* Frameworks */,
				F906E6F92A289442007BB67A /* Resources */,
			);
			buildRules = (
			);
			dependencies = (
			);
			name = ARMotionCameraDebug;
			packageProductDependencies = (
				F906E7142A289C3E007BB67A /* SnapKit */,
				F906E7172A28A202007BB67A /* Socket */,
			);
			productName = ARMotionCameraDebug;
			productReference = F906E6FB2A289442007BB67A /* ARMotionCameraDebug.app */;
			productType = "com.apple.product-type.application";
		};
/* End PBXNativeTarget section */

/* Begin PBXProject section */
		F906E6F32A289442007BB67A /* Project object */ = {
			isa = PBXProject;
			attributes = {
				BuildIndependentTargetsInParallel = 1;
				LastSwiftUpdateCheck = 1430;
				LastUpgradeCheck = 1430;
				TargetAttributes = {
					F906E6FA2A289442007BB67A = {
						CreatedOnToolsVersion = 14.3;
					};
				};
			};
			buildConfigurationList = F906E6F62A289442007BB67A /* Build configuration list for PBXProject "ARMotionCameraDebug" */;
			compatibilityVersion = "Xcode 14.0";
			developmentRegion = en;
			hasScannedForEncodings = 0;
			knownRegions = (
				en,
				Base,
			);
			mainGroup = F906E6F22A289442007BB67A;
			packageReferences = (
				F906E7132A289C3E007BB67A /* XCRemoteSwiftPackageReference "SnapKit" */,
				F906E7162A28A202007BB67A /* XCRemoteSwiftPackageReference "BlueSocket" */,
			);
			productRefGroup = F906E6FC2A289442007BB67A /* Products */;
			projectDirPath = "";
			projectRoot = "";
			targets = (
				F906E6FA2A289442007BB67A /* ARMotionCameraDebug */,
			);
		};
/* End PBXProject section */

/* Begin PBXResourcesBuildPhase section */
		F906E6F92A289442007BB67A /* Resources */ = {
			isa = PBXResourcesBuildPhase;
			buildActionMask = 2147483647;
			files = (
				F906E7032A289444007BB67A /* Assets.xcassets in Resources */,
				F906E7062A289444007BB67A /* Main.storyboard in Resources */,
			);
			runOnlyForDeploymentPostprocessing = 0;
		};
/* End PBXResourcesBuildPhase section */

/* Begin PBXSourcesBuildPhase section */
		F906E6F72A289442007BB67A /* Sources */ = {
			isa = PBXSourcesBuildPhase;
			buildActionMask = 2147483647;
			files = (
				F906E71A2A28A2C4007BB67A /* MotionModel.swift in Sources */,
				F906E7012A289442007BB67A /* ViewController.swift in Sources */,
				F906E6FF2A289442007BB67A /* AppDelegate.swift in Sources */,
			);
			runOnlyForDeploymentPostprocessing = 0;
		};
/* End PBXSourcesBuildPhase section */

/* Begin PBXVariantGroup section */
		F906E7042A289444007BB67A /* Main.storyboard */ = {
			isa = PBXVariantGroup;
			children = (
				F906E7052A289444007BB67A /* Base */,
			);
			name = Main.storyboard;
			sourceTree = "<group>";
		};
/* End PBXVariantGroup section */

/* Begin XCBuildConfiguration section */
		F906E7082A289444007BB67A /* Debug */ = {
			isa = XCBuildConfiguration;
			buildSettings = {
				ALWAYS_SEARCH_USER_PATHS = NO;
				CLANG_ANALYZER_NONNULL = YES;
				CLANG_ANALYZER_NUMBER_OBJECT_CONVERSION = YES_AGGRESSIVE;
				CLANG_CXX_LANGUAGE_STANDARD = "gnu++20";
				CLANG_ENABLE_MODULES = YES;
				CLANG_ENABLE_OBJC_ARC = YES;
				CLANG_ENABLE_OBJC_WEAK = YES;
				CLANG_WARN_BLOCK_CAPTURE_AUTORELEASING = YES;
				CLANG_WARN_BOOL_CONVERSION = YES;
				CLANG_WARN_COMMA = YES;
				CLANG_WARN_CONSTANT_CONVERSION = YES;
				CLANG_WARN_DEPRECATED_OBJC_IMPLEMENTATIONS = YES;
				CLANG_WARN_DIRECT_OBJC_ISA_USAGE = YES_ERROR;
				CLANG_WARN_DOCUMENTATION_COMMENTS = YES;
				CLANG_WARN_EMPTY_BODY = YES;
				CLANG_WARN_ENUM_CONVERSION = YES;
				CLANG_WARN_INFINITE_RECURSION = YES;
				CLANG_WARN_INT_CONVERSION = YES;
				CLANG_WARN_NON_LITERAL_NULL_CONVERSION = YES;
				CLANG_WARN_OBJC_IMPLICIT_RETAIN_SELF = YES;
				CLANG_WARN_OBJC_LITERAL_CONVERSION = YES;
				CLANG_WARN_OBJC_ROOT_CLASS = YES_ERROR;
				CLANG_WARN_QUOTED_INCLUDE_IN_FRAMEWORK_HEADER = YES;
				CLANG_WARN_RANGE_LOOP_ANALYSIS = YES;
				CLANG_WARN_STRICT_PROTOTYPES = YES;
				CLANG_WARN_SUSPICIOUS_MOVE = YES;
				CLANG_WARN_UNGUARDED_AVAILABILITY = YES_AGGRESSIVE;
				CLANG_WARN_UNREACHABLE_CODE = YES;
				CLANG_WARN__DUPLICATE_METHOD_MATCH = YES;
				COPY_PHASE_STRIP = NO;
				DEBUG_INFORMATION_FORMAT = dwarf;
				ENABLE_STRICT_OBJC_MSGSEND = YES;
				ENABLE_TESTABILITY = YES;
				GCC_C_LANGUAGE_STANDARD = gnu11;
				GCC_DYNAMIC_NO_PIC = NO;
				GCC_NO_COMMON_BLOCKS = YES;
				GCC_OPTIMIZATION_LEVEL = 0;
				GCC_PREPROCESSOR_DEFINITIONS = (
					"DEBUG=1",
					"$(inherited)",
				);
				GCC_WARN_64_TO_32_BIT_CONVERSION = YES;
				GCC_WARN_ABOUT_RETURN_TYPE = YES_ERROR;
				GCC_WARN_UNDECLARED_SELECTOR = YES;
				GCC_WARN_UNINITIALIZED_AUTOS = YES_AGGRESSIVE;
				GCC_WARN_UNUSED_FUNCTION = YES;
				GCC_WARN_UNUSED_VARIABLE = YES;
				MACOSX_DEPLOYMENT_TARGET = 13.3;
				MTL_ENABLE_DEBUG_INFO = INCLUDE_SOURCE;
				MTL_FAST_MATH = YES;
				ONLY_ACTIVE_ARCH = YES;
				SDKROOT = macosx;
				SWIFT_ACTIVE_COMPILATION_CONDITIONS = DEBUG;
				SWIFT_OPTIMIZATION_LEVEL = "-Onone";
			};
			name = Debug;
		};
		F906E7092A289444007BB67A /* Release */ = {
			isa = XCBuildConfiguration;
			buildSettings = {
				ALWAYS_SEARCH_USER_PATHS = NO;
				CLANG_ANALYZER_NONNULL = YES;
				CLANG_ANALYZER_NUMBER_OBJECT_CONVERSION = YES_AGGRESSIVE;
				CLANG_CXX_LANGUAGE_STANDARD = "gnu++20";
				CLANG_ENABLE_MODULES = YES;
				CLANG_ENABLE_OBJC_ARC = YES;
				CLANG_ENABLE_OBJC_WEAK = YES;
				CLANG_WARN_BLOCK_CAPTURE_AUTORELEASING = YES;
				CLANG_WARN_BOOL_CONVERSION = YES;
				CLANG_WARN_COMMA = YES;
				CLANG_WARN_CONSTANT_CONVERSION = YES;
				CLANG_WARN_DEPRECATED_OBJC_IMPLEMENTATIONS = YES;
				CLANG_WARN_DIRECT_OBJC_ISA_USAGE = YES_ERROR;
				CLANG_WARN_DOCUMENTATION_COMMENTS = YES;
				CLANG_WARN_EMPTY_BODY = YES;
				CLANG_WARN_ENUM_CONVERSION = YES;
				CLANG_WARN_INFINITE_RECURSION = YES;
				CLANG_WARN_INT_CONVERSION = YES;
				CLANG_WARN_NON_LITERAL_NULL_CONVERSION = YES;
				CLANG_WARN_OBJC_IMPLICIT_RETAIN_SELF = YES;
				CLANG_WARN_OBJC_LITERAL_CONVERSION = YES;
				CLANG_WARN_OBJC_ROOT_CLASS = YES_ERROR;
				CLANG_WARN_QUOTED_INCLUDE_IN_FRAMEWORK_HEADER = YES;
				CLANG_WARN_RANGE_LOOP_ANALYSIS = YES;
				CLANG_WARN_STRICT_PROTOTYPES = YES;
				CLANG_WARN_SUSPICIOUS_MOVE = YES;
				CLANG_WARN_UNGUARDED_AVAILABILITY = YES_AGGRESSIVE;
				CLANG_WARN_UNREACHABLE_CODE = YES;
				CLANG_WARN__DUPLICATE_METHOD_MATCH = YES;
				COPY_PHASE_STRIP = NO;
				DEBUG_INFORMATION_FORMAT = "dwarf-with-dsym";
				ENABLE_NS_ASSERTIONS = NO;
				ENABLE_STRICT_OBJC_MSGSEND = YES;
				GCC_C_LANGUAGE_STANDARD = gnu11;
				GCC_NO_COMMON_BLOCKS = YES;
				GCC_WARN_64_TO_32_BIT_CONVERSION = YES;
				GCC_WARN_ABOUT_RETURN_TYPE = YES_ERROR;
				GCC_WARN_UNDECLARED_SELECTOR = YES;
				GCC_WARN_UNINITIALIZED_AUTOS = YES_AGGRESSIVE;
				GCC_WARN_UNUSED_FUNCTION = YES;
				GCC_WARN_UNUSED_VARIABLE = YES;
				MACOSX_DEPLOYMENT_TARGET = 13.3;
				MTL_ENABLE_DEBUG_INFO = NO;
				MTL_FAST_MATH = YES;
				SDKROOT = macosx;
				SWIFT_COMPILATION_MODE = wholemodule;
				SWIFT_OPTIMIZATION_LEVEL = "-O";
			};
			name = Release;
		};
		F906E70B2A289444007BB67A /* Debug */ = {
			isa = XCBuildConfiguration;
			buildSettings = {
				ASSETCATALOG_COMPILER_APPICON_NAME = AppIcon;
				ASSETCATALOG_COMPILER_GLOBAL_ACCENT_COLOR_NAME = AccentColor;
				CODE_SIGN_ENTITLEMENTS = ARMotionCameraDebug/ARMotionCameraDebug.entitlements;
				CODE_SIGN_STYLE = Automatic;
				COMBINE_HIDPI_IMAGES = YES;
				CURRENT_PROJECT_VERSION = 1;
				DEVELOPMENT_TEAM = 846TMZL7WC;
				ENABLE_HARDENED_RUNTIME = YES;
				GENERATE_INFOPLIST_FILE = YES;
				INFOPLIST_KEY_NSHumanReadableCopyright = "";
				INFOPLIST_KEY_NSMainStoryboardFile = Main;
				INFOPLIST_KEY_NSPrincipalClass = NSApplication;
				LD_RUNPATH_SEARCH_PATHS = (
					"$(inherited)",
					"@executable_path/../Frameworks",
				);
				MARKETING_VERSION = 1.0;
				PRODUCT_BUNDLE_IDENTIFIER = jisuKim.ARMotionCameraDebug;
				PRODUCT_NAME = "$(TARGET_NAME)";
				SWIFT_EMIT_LOC_STRINGS = YES;
				SWIFT_VERSION = 5.0;
			};
			name = Debug;
		};
		F906E70C2A289444007BB67A /* Release */ = {
			isa = XCBuildConfiguration;
			buildSettings = {
				ASSETCATALOG_COMPILER_APPICON_NAME = AppIcon;
				ASSETCATALOG_COMPILER_GLOBAL_ACCENT_COLOR_NAME = AccentColor;
				CODE_SIGN_ENTITLEMENTS = ARMotionCameraDebug/ARMotionCameraDebug.entitlements;
				CODE_SIGN_STYLE = Automatic;
				COMBINE_HIDPI_IMAGES = YES;
				CURRENT_PROJECT_VERSION = 1;
				DEVELOPMENT_TEAM = 846TMZL7WC;
				ENABLE_HARDENED_RUNTIME = YES;
				GENERATE_INFOPLIST_FILE = YES;
				INFOPLIST_KEY_NSHumanReadableCopyright = "";
				INFOPLIST_KEY_NSMainStoryboardFile = Main;
				INFOPLIST_KEY_NSPrincipalClass = NSApplication;
				LD_RUNPATH_SEARCH_PATHS = (
					"$(inherited)",
					"@executable_path/../Frameworks",
				);
				MARKETING_VERSION = 1.0;
				PRODUCT_BUNDLE_IDENTIFIER = jisuKim.ARMotionCameraDebug;
				PRODUCT_NAME = "$(TARGET_NAME)";
				SWIFT_EMIT_LOC_STRINGS = YES;
				SWIFT_VERSION = 5.0;
			};
			name = Release;
		};
/* End XCBuildConfiguration section */

/* Begin XCConfigurationList section */
		F906E6F62A289442007BB67A /* Build configuration list for PBXProject "ARMotionCameraDebug" */ = {
			isa = XCConfigurationList;
			buildConfigurations = (
				F906E7082A289444007BB67A /* Debug */,
				F906E7092A289444007BB67A /* Release */,
			);
			defaultConfigurationIsVisible = 0;
			defaultConfigurationName = Release;
		};
		F906E70A2A289444007BB67A /* Build configuration list for PBXNativeTarget "ARMotionCameraDebug" */ = {
			isa = XCConfigurationList;
			buildConfigurations = (
				F906E70B2A289444007BB67A /* Debug */,
				F906E70C2A289444007BB67A /* Release */,
			);
			defaultConfigurationIsVisible = 0;
			defaultConfigurationName = Release;
		};
/* End XCConfigurationList section */

/* Begin XCRemoteSwiftPackageReference section */
		F906E7132A289C3E007BB67A /* XCRemoteSwiftPackageReference "SnapKit" */ = {
			isa = XCRemoteSwiftPackageReference;
			repositoryURL = "https://github.com/SnapKit/SnapKit.git";
			requirement = {
				kind = upToNextMajorVersion;
				minimumVersion = 5.0.0;
			};
		};
		F906E7162A28A202007BB67A /* XCRemoteSwiftPackageReference "BlueSocket" */ = {
			isa = XCRemoteSwiftPackageReference;
			repositoryURL = "https://github.com/Kitura/BlueSocket.git";
			requirement = {
				kind = upToNextMajorVersion;
				minimumVersion = 2.0.0;
			};
		};
/* End XCRemoteSwiftPackageReference section */

/* Begin XCSwiftPackageProductDependency section */
		F906E7142A289C3E007BB67A /* SnapKit */ = {
			isa = XCSwiftPackageProductDependency;
			package = F906E7132A289C3E007BB67A /* XCRemoteSwiftPackageReference "SnapKit" */;
			productName = SnapKit;
		};
		F906E7172A28A202007BB67A /* Socket */ = {
			isa = XCSwiftPackageProductDependency;
			package = F906E7162A28A202007BB67A /* XCRemoteSwiftPackageReference "BlueSocket" */;
			productName = Socket;
		};
/* End XCSwiftPackageProductDependency section */
	};
	rootObject = F906E6F32A289442007BB67A /* Project object */;
}
